
Microsoft Visual Studio Solution File, Format Version 12.00
# Visual Studio Version 17
VisualStudioVersion = 17.0.31903.59
MinimumVisualStudioVersion = 10.0.40219.1
Project("{2150E333-8FDC-42A3-9474-1A3956D46DE8}") = "src", "src", "{17331285-4DF4-4371-9CB2-E3AF266B631E}"
EndProject
Project("{FAE04EC0-301F-11D3-BF4B-00C04F79EFBC}") = "NetMonitorPro.App", "src\NetMonitorPro.App\NetMonitorPro.App.csproj", "{65A0AA85-03DD-4940-83D3-205B0C5E3453}"
EndProject
Project("{FAE04EC0-301F-11D3-BF4B-00C04F79EFBC}") = "NetMonitorPro.Core", "src\NetMonitorPro.Core\NetMonitorPro.Core.csproj", "{4E1885EF-DAFC-4301-B0DF-17C719130E13}"
EndProject
Project("{FAE04EC0-301F-11D3-BF4B-00C04F79EFBC}") = "NetMonitorPro.Data", "src\NetMonitorPro.Data\NetMonitorPro.Data.csproj", "{01C158F5-BCCC-4852-AF1E-44A5C9E6C38F}"
EndProject
Project("{FAE04EC0-301F-11D3-BF4B-00C04F79EFBC}") = "NetMonitorPro.Native", "src\NetMonitorPro.Native\NetMonitorPro.Native.csproj", "{920ECCBA-E0E2-4205-9F63-57274D2FD4C0}"
EndProject
Global
	GlobalSection(SolutionConfigurationPlatforms) = preSolution
		Debug|Any CPU = Debug|Any CPU
		Release|Any CPU = Release|Any CPU
	EndGlobalSection
	GlobalSection(SolutionProperties) = preSolution
		HideSolutionNode = FALSE
	EndGlobalSection
	GlobalSection(ProjectConfigurationPlatforms) = postSolution
		{65A0AA85-03DD-4940-83D3-205B0C5E3453}.Debug|Any CPU.ActiveCfg = Debug|Any CPU
		{65A0AA85-03DD-4940-83D3-205B0C5E3453}.Debug|Any CPU.Build.0 = Debug|Any CPU
		{65A0AA85-03DD-4940-83D3-205B0C5E3453}.Release|Any CPU.ActiveCfg = Release|Any CPU
		{65A0AA85-03DD-4940-83D3-205B0C5E3453}.Release|Any CPU.Build.0 = Release|Any CPU
		{4E1885EF-DAFC-4301-B0DF-17C719130E13}.Debug|Any CPU.ActiveCfg = Debug|Any CPU
		{4E1885EF-DAFC-4301-B0DF-17C719130E13}.Debug|Any CPU.Build.0 = Debug|Any CPU
		{4E1885EF-DAFC-4301-B0DF-17C719130E13}.Release|Any CPU.ActiveCfg = Release|Any CPU
		{4E1885EF-DAFC-4301-B0DF-17C719130E13}.Release|Any CPU.Build.0 = Release|Any CPU
		{01C158F5-BCCC-4852-AF1E-44A5C9E6C38F}.Debug|Any CPU.ActiveCfg = Debug|Any CPU
		{01C158F5-BCCC-4852-AF1E-44A5C9E6C38F}.Debug|Any CPU.Build.0 = Debug|Any CPU
		{01C158F5-BCCC-4852-AF1E-44A5C9E6C38F}.Release|Any CPU.ActiveCfg = Release|Any CPU
		{01C158F5-BCCC-4852-AF1E-44A5C9E6C38F}.Release|Any CPU.Build.0 = Release|Any CPU
		{920ECCBA-E0E2-4205-9F63-57274D2FD4C0}.Debug|Any CPU.ActiveCfg = Debug|Any CPU
		{920ECCBA-E0E2-4205-9F63-57274D2FD4C0}.Debug|Any CPU.Build.0 = Debug|Any CPU
		{920ECCBA-E0E2-4205-9F63-57274D2FD4C0}.Release|Any CPU.ActiveCfg = Release|Any CPU
		{920ECCBA-E0E2-4205-9F63-57274D2FD4C0}.Release|Any CPU.Build.0 = Release|Any CPU
	EndGlobalSection
	GlobalSection(NestedProjects) = preSolution
		{65A0AA85-03DD-4940-83D3-205B0C5E3453} = {17331285-4DF4-4371-9CB2-E3AF266B631E}
		{4E1885EF-DAFC-4301-B0DF-17C719130E13} = {17331285-4DF4-4371-9CB2-E3AF266B631E}
		{01C158F5-BCCC-4852-AF1E-44A5C9E6C38F} = {17331285-4DF4-4371-9CB2-E3AF266B631E}
		{920ECCBA-E0E2-4205-9F63-57274D2FD4C0} = {17331285-4DF4-4371-9CB2-E3AF266B631E}
	EndGlobalSection
EndGlobal
